
Microsoft Visual Studio Solution File, Format Version 12.00
# Visual Studio Version 17
VisualStudioVersion = 17.3.32929.385
MinimumVisualStudioVersion = 10.0.40219.1
Project("{9A19103F-16F7-4668-BE54-9A1E7A4F7556}") = "CommunicationIPC", "CommunicationIPC\CommunicationIPC.csproj", "{C0ADDEE8-E956-4547-9245-3E011189D8F7}"
EndProject
Project("{FAE04EC0-301F-11D3-BF4B-00C04F79EFBC}") = "ConsoleApp", "ConsoleApp\ConsoleApp.csproj", "{3E64E18A-CD5F-4714-8569-7B557F5CED48}"
EndProject
Global
	GlobalSection(SolutionConfigurationPlatforms) = preSolution
		Debug|Any CPU = Debug|Any CPU
		Release|Any CPU = Release|Any CPU
	EndGlobalSection
	GlobalSection(ProjectConfigurationPlatforms) = postSolution
		{C0ADDEE8-E956-4547-9245-3E011189D8F7}.Debug|Any CPU.ActiveCfg = Debug|Any CPU
		{C0ADDEE8-E956-4547-9245-3E011189D8F7}.Debug|Any CPU.Build.0 = Debug|Any CPU
		{C0ADDEE8-E956-4547-9245-3E011189D8F7}.Release|Any CPU.ActiveCfg = Release|Any CPU
		{C0ADDEE8-E956-4547-9245-3E011189D8F7}.Release|Any CPU.Build.0 = Release|Any CPU
		{3E64E18A-CD5F-4714-8569-7B557F5CED48}.Debug|Any CPU.ActiveCfg = Debug|Any CPU
		{3E64E18A-CD5F-4714-8569-7B557F5CED48}.Debug|Any CPU.Build.0 = Debug|Any CPU
		{3E64E18A-CD5F-4714-8569-7B557F5CED48}.Release|Any CPU.ActiveCfg = Release|Any CPU
		{3E64E18A-CD5F-4714-8569-7B557F5CED48}.Release|Any CPU.Build.0 = Release|Any CPU
	EndGlobalSection
	GlobalSection(SolutionProperties) = preSolution
		HideSolutionNode = FALSE
	EndGlobalSection
	GlobalSection(ExtensibilityGlobals) = postSolution
		SolutionGuid = {40F3FEC8-C751-44EE-9917-EDD2536F80FA}
	EndGlobalSection
EndGlobal
